
Microsoft Visual Studio Solution File, Format Version 12.00
# Visual Studio Version 16
VisualStudioVersion = 16.0.29424.173
MinimumVisualStudioVersion = 10.0.40219.1
Project("{9A19103F-16F7-4668-BE54-9A1E7A4F7556}") = "ChequeWriter", "ChequeWriter\ChequeWriter.csproj", "{3A12347F-F9B3-4DB8-B7BC-C44F92AD7A54}"
EndProject
Project("{9A19103F-16F7-4668-BE54-9A1E7A4F7556}") = "ChequeWriterLib", "ChequeWriterLib\ChequeWriterLib.csproj", "{3A691DED-B75C-4AB1-8DF4-F85778E57276}"
EndProject
Project("{9A19103F-16F7-4668-BE54-9A1E7A4F7556}") = "TestChequeWriterLib", "TestChequeWriterLib\TestChequeWriterLib.csproj", "{EEE48E3C-7E81-4F71-A753-170F869DE513}"
EndProject
Global
	GlobalSection(SolutionConfigurationPlatforms) = preSolution
		Debug|Any CPU = Debug|Any CPU
		Release|Any CPU = Release|Any CPU
	EndGlobalSection
	GlobalSection(ProjectConfigurationPlatforms) = postSolution
		{3A12347F-F9B3-4DB8-B7BC-C44F92AD7A54}.Debug|Any CPU.ActiveCfg = Debug|Any CPU
		{3A12347F-F9B3-4DB8-B7BC-C44F92AD7A54}.Debug|Any CPU.Build.0 = Debug|Any CPU
		{3A12347F-F9B3-4DB8-B7BC-C44F92AD7A54}.Release|Any CPU.ActiveCfg = Release|Any CPU
		{3A12347F-F9B3-4DB8-B7BC-C44F92AD7A54}.Release|Any CPU.Build.0 = Release|Any CPU
		{3A691DED-B75C-4AB1-8DF4-F85778E57276}.Debug|Any CPU.ActiveCfg = Debug|Any CPU
		{3A691DED-B75C-4AB1-8DF4-F85778E57276}.Debug|Any CPU.Build.0 = Debug|Any CPU
		{3A691DED-B75C-4AB1-8DF4-F85778E57276}.Release|Any CPU.ActiveCfg = Release|Any CPU
		{3A691DED-B75C-4AB1-8DF4-F85778E57276}.Release|Any CPU.Build.0 = Release|Any CPU
		{EEE48E3C-7E81-4F71-A753-170F869DE513}.Debug|Any CPU.ActiveCfg = Debug|Any CPU
		{EEE48E3C-7E81-4F71-A753-170F869DE513}.Debug|Any CPU.Build.0 = Debug|Any CPU
		{EEE48E3C-7E81-4F71-A753-170F869DE513}.Release|Any CPU.ActiveCfg = Release|Any CPU
		{EEE48E3C-7E81-4F71-A753-170F869DE513}.Release|Any CPU.Build.0 = Release|Any CPU
	EndGlobalSection
	GlobalSection(SolutionProperties) = preSolution
		HideSolutionNode = FALSE
	EndGlobalSection
	GlobalSection(ExtensibilityGlobals) = postSolution
		SolutionGuid = {34506D49-EBE1-4EE3-ACE9-8E2485FFC120}
	EndGlobalSection
EndGlobal
